
Microsoft Visual Studio Solution File, Format Version 12.00
# Visual Studio Version 16
VisualStudioVersion = 16.0.30011.22
MinimumVisualStudioVersion = 10.0.40219.1
Project("{FAE04EC0-301F-11D3-BF4B-00C04F79EFBC}") = "WatersLaneUni.Web", "WatersLaneUni.Web.csproj", "{1E6112CF-7DF3-4E24-BE66-53BD7E9C49DE}"
EndProject
Global
	GlobalSection(SolutionConfigurationPlatforms) = preSolution
		Debug|Any CPU = Debug|Any CPU
		Release|Any CPU = Release|Any CPU
	EndGlobalSection
	GlobalSection(ProjectConfigurationPlatforms) = postSolution
		{1E6112CF-7DF3-4E24-BE66-53BD7E9C49DE}.Debug|Any CPU.ActiveCfg = Debug|Any CPU
		{1E6112CF-7DF3-4E24-BE66-53BD7E9C49DE}.Debug|Any CPU.Build.0 = Debug|Any CPU
		{1E6112CF-7DF3-4E24-BE66-53BD7E9C49DE}.Release|Any CPU.ActiveCfg = Release|Any CPU
		{1E6112CF-7DF3-4E24-BE66-53BD7E9C49DE}.Release|Any CPU.Build.0 = Release|Any CPU
	EndGlobalSection
	GlobalSection(SolutionProperties) = preSolution
		HideSolutionNode = FALSE
	EndGlobalSection
	GlobalSection(ExtensibilityGlobals) = postSolution
		SolutionGuid = {F486CCD7-38D0-41C9-BAA4-A895B98ACC32}
	EndGlobalSection
EndGlobal
